
Microsoft Visual Studio Solution File, Format Version 12.00
# Visual Studio Version 17
VisualStudioVersion = 17.5.002.0
MinimumVisualStudioVersion = 10.0.40219.1
Project("{9A19103F-16F7-4668-BE54-9A1E7A4F7556}") = "c#", "c#.csproj", "{78F1799C-B97B-471D-9B45-7D9E16A511E6}"
EndProject
Global
	GlobalSection(SolutionConfigurationPlatforms) = preSolution
		Debug|Any CPU = Debug|Any CPU
		Release|Any CPU = Release|Any CPU
	EndGlobalSection
	GlobalSection(ProjectConfigurationPlatforms) = postSolution
		{78F1799C-B97B-471D-9B45-7D9E16A511E6}.Debug|Any CPU.ActiveCfg = Debug|Any CPU
		{78F1799C-B97B-471D-9B45-7D9E16A511E6}.Debug|Any CPU.Build.0 = Debug|Any CPU
		{78F1799C-B97B-471D-9B45-7D9E16A511E6}.Release|Any CPU.ActiveCfg = Release|Any CPU
		{78F1799C-B97B-471D-9B45-7D9E16A511E6}.Release|Any CPU.Build.0 = Release|Any CPU
	EndGlobalSection
	GlobalSection(SolutionProperties) = preSolution
		HideSolutionNode = FALSE
	EndGlobalSection
	GlobalSection(ExtensibilityGlobals) = postSolution
		SolutionGuid = {4CD4CD58-F1CA-4727-A9E3-D71FA3EF319D}
	EndGlobalSection
EndGlobal
